Microsoft Visual Studio Solution File, Format Version 12.00
# Visual Studio Version 17
VisualStudioVersion = 17.5.2.0
MinimumVisualStudioVersion = 10.0.40219.1
Project("{FAE04EC0-301F-11D3-BF4B-00C04F79EFBC}") = "SaqaSMC_2_SayHello", "SaqaSMC_2_SayHello.csproj", "{362AF16D-23B2-9662-F051-40BC9F028120}"
EndProject
Global
	GlobalSection(SolutionConfigurationPlatforms) = preSolution
		Debug|Any CPU = Debug|Any CPU
		Release|Any CPU = Release|Any CPU
	EndGlobalSection
	GlobalSection(ProjectConfigurationPlatforms) = postSolution
		{362AF16D-23B2-9662-F051-40BC9F028120}.Debug|Any CPU.ActiveCfg = Debug|Any CPU
		{362AF16D-23B2-9662-F051-40BC9F028120}.Debug|Any CPU.Build.0 = Debug|Any CPU
		{362AF16D-23B2-9662-F051-40BC9F028120}.Release|Any CPU.ActiveCfg = Release|Any CPU
		{362AF16D-23B2-9662-F051-40BC9F028120}.Release|Any CPU.Build.0 = Release|Any CPU
	EndGlobalSection
	GlobalSection(SolutionProperties) = preSolution
		HideSolutionNode = FALSE
	EndGlobalSection
	GlobalSection(ExtensibilityGlobals) = postSolution
		SolutionGuid = {BCD2123D-EE7A-47DA-91FA-F4861A3CBA6C}
	EndGlobalSection
EndGlobal
